// !$*UTF8*$!
{
	archiveVersion = 1;
	classes = {
	};
	objectVersion = 46;
	objects = {

/* Begin PBXBuildFile section */
		03648D0029B134C300119E1B /* config.ini in Resources */ = {isa = PBXBuildFile; fileRef = 03648CFF29B134C300119E1B /* config.ini */; };
		03648D0429B1550A00119E1B /* ValidateTriggerExampleViewController.m in Sources */ = {isa = PBXBuildFile; fileRef = 03648D0329B1550A00119E1B /* ValidateTriggerExampleViewController.m */; };
		03648D1429B6A89C00119E1B /* ValidateLivenessExampleViewController.m in Sources */ = {isa = PBXBuildFile; fileRef = 03648D1329B6A89C00119E1B /* ValidateLivenessExampleViewController.m */; };
		03648D1729B7D07800119E1B /* AudioEnrollmentExampleViewController.m in Sources */ = {isa = PBXBuildFile; fileRef = 03648D1629B7D07800119E1B /* AudioEnrollmentExampleViewController.m */; };
		03648D1A29B7D81000119E1B /* AudioAuthenticationExampleViewController.m in Sources */ = {isa = PBXBuildFile; fileRef = 03648D1929B7D81000119E1B /* AudioAuthenticationExampleViewController.m */; };
		03648D1D29B7DB1700119E1B /* AudioTranscriptionExampleViewController.m in Sources */ = {isa = PBXBuildFile; fileRef = 03648D1C29B7DB1700119E1B /* AudioTranscriptionExampleViewController.m */; };
		03648D2429B8F05400119E1B /* VoiceSynthesisExampleViewController.m in Sources */ = {isa = PBXBuildFile; fileRef = 03648D2329B8F05400119E1B /* VoiceSynthesisExampleViewController.m */; };
		03648D2729B8F83D00119E1B /* VisionEnrollmentExampleViewController.m in Sources */ = {isa = PBXBuildFile; fileRef = 03648D2629B8F83D00119E1B /* VisionEnrollmentExampleViewController.m */; };
		03648D2A29B8FC4F00119E1B /* VisionAuthenticationExampleViewController.m in Sources */ = {isa = PBXBuildFile; fileRef = 03648D2929B8FC4F00119E1B /* VisionAuthenticationExampleViewController.m */; };
		03648D2E29B9003400119E1B /* GetModelsExampleViewController.m in Sources */ = {isa = PBXBuildFile; fileRef = 03648D2D29B9003400119E1B /* GetModelsExampleViewController.m */; };
		03648D3129B903E100119E1B /* GetEnrollmentsExampleViewController.m in Sources */ = {isa = PBXBuildFile; fileRef = 03648D3029B903E100119E1B /* GetEnrollmentsExampleViewController.m */; };
		0369132829A0305100F99597 /* HealthServiceTests.m in Sources */ = {isa = PBXBuildFile; fileRef = 0369132729A0305100F99597 /* HealthServiceTests.m */; };
		039683E729A55B4F00E909B8 /* KeychainManagerTests.m in Sources */ = {isa = PBXBuildFile; fileRef = 039683E629A55B4F00E909B8 /* KeychainManagerTests.m */; };
		039683F029A55E7700E909B8 /* AppDelegate.m in Sources */ = {isa = PBXBuildFile; fileRef = 039683EF29A55E7700E909B8 /* AppDelegate.m */; };
		039683F329A55E7700E909B8 /* SceneDelegate.m in Sources */ = {isa = PBXBuildFile; fileRef = 039683F229A55E7700E909B8 /* SceneDelegate.m */; };
		039683F929A55E7700E909B8 /* Main.storyboard in Resources */ = {isa = PBXBuildFile; fileRef = 039683F729A55E7700E909B8 /* Main.storyboard */; };
		039683FB29A55E7800E909B8 /* Assets.xcassets in Resources */ = {isa = PBXBuildFile; fileRef = 039683FA29A55E7800E909B8 /* Assets.xcassets */; };
		039683FE29A55E7800E909B8 /* LaunchScreen.storyboard in Resources */ = {isa = PBXBuildFile; fileRef = 039683FC29A55E7800E909B8 /* LaunchScreen.storyboard */; };
		0396840129A55E7800E909B8 /* main.m in Sources */ = {isa = PBXBuildFile; fileRef = 0396840029A55E7800E909B8 /* main.m */; };
		0396841E29B1052C00E909B8 /* LoginExampleViewController.m in Sources */ = {isa = PBXBuildFile; fileRef = 0396841D29B1052C00E909B8 /* LoginExampleViewController.m */; };
		6003F5B0195388D20070C39A /* XCTest.framework in Frameworks */ = {isa = PBXBuildFile; fileRef = 6003F5AF195388D20070C39A /* XCTest.framework */; };
		6003F5B1195388D20070C39A /* Foundation.framework in Frameworks */ = {isa = PBXBuildFile; fileRef = 6003F58D195388D20070C39A /* Foundation.framework */; };
		6003F5B2195388D20070C39A /* UIKit.framework in Frameworks */ = {isa = PBXBuildFile; fileRef = 6003F591195388D20070C39A /* UIKit.framework */; };
		6003F5BA195388D20070C39A /* InfoPlist.strings in Resources */ = {isa = PBXBuildFile; fileRef = 6003F5B8195388D20070C39A /* InfoPlist.strings */; };
		948D39F4E02271D16D20F9BC /* Pods_SensoryCloudTests.framework in Frameworks */ = {isa = PBXBuildFile; fileRef = EC645BF27FC2CBC2F1F6A2A6 /* Pods_SensoryCloudTests.framework */; };
		AE0747D42BAD3E4429EDF1C7 /* Pods_SensoryCloudExampleApp.framework in Frameworks */ = {isa = PBXBuildFile; fileRef = 6681677895BFF05F536CC268 /* Pods_SensoryCloudExampleApp.framework */; };
/* End PBXBuildFile section */

/* Begin PBXContainerItemProxy section */
		0396840529A55E9100E909B8 /* PBXContainerItemProxy */ = {
			isa = PBXContainerItemProxy;
			containerPortal = 6003F582195388D10070C39A /* Project object */;
			proxyType = 1;
			remoteGlobalIDString = 039683EB29A55E7600E909B8;
			remoteInfo = "objc-sdk-test-app";
		};
/* End PBXContainerItemProxy section */

/* Begin PBXFileReference section */
		01403F7075EEE8CA2F879DA2 /* SensoryCloud.podspec */ = {isa = PBXFileReference; includeInIndex = 1; lastKnownFileType = text; name = SensoryCloud.podspec; path = ../SensoryCloud.podspec; sourceTree = "<group>"; xcLanguageSpecificationIdentifier = xcode.lang.ruby; };
		03648CFF29B134C300119E1B /* config.ini */ = {isa = PBXFileReference; fileEncoding = 4; lastKnownFileType = text; path = config.ini; sourceTree = "<group>"; };
		03648D0229B154ED00119E1B /* ValidateTriggerExampleViewController.h */ = {isa = PBXFileReference; lastKnownFileType = sourcecode.c.h; path = ValidateTriggerExampleViewController.h; sourceTree = "<group>"; };
		03648D0329B1550A00119E1B /* ValidateTriggerExampleViewController.m */ = {isa = PBXFileReference; lastKnownFileType = sourcecode.c.objc; path = ValidateTriggerExampleViewController.m; sourceTree = "<group>"; };
		03648D1229B6A88200119E1B /* ValidateLivenessExampleViewController.h */ = {isa = PBXFileReference; lastKnownFileType = sourcecode.c.h; path = ValidateLivenessExampleViewController.h; sourceTree = "<group>"; };
		03648D1329B6A89C00119E1B /* ValidateLivenessExampleViewController.m */ = {isa = PBXFileReference; lastKnownFileType = sourcecode.c.objc; path = ValidateLivenessExampleViewController.m; sourceTree = "<group>"; };
		03648D1529B7D04200119E1B /* AudioEnrollmentExampleViewController.h */ = {isa = PBXFileReference; lastKnownFileType = sourcecode.c.h; path = AudioEnrollmentExampleViewController.h; sourceTree = "<group>"; };
		03648D1629B7D07800119E1B /* AudioEnrollmentExampleViewController.m */ = {isa = PBXFileReference; lastKnownFileType = sourcecode.c.objc; path = AudioEnrollmentExampleViewController.m; sourceTree = "<group>"; };
		03648D1829B7D7BA00119E1B /* AudioAuthenticationExampleViewController.h */ = {isa = PBXFileReference; lastKnownFileType = sourcecode.c.h; path = AudioAuthenticationExampleViewController.h; sourceTree = "<group>"; };
		03648D1929B7D81000119E1B /* AudioAuthenticationExampleViewController.m */ = {isa = PBXFileReference; lastKnownFileType = sourcecode.c.objc; path = AudioAuthenticationExampleViewController.m; sourceTree = "<group>"; };
		03648D1B29B7DA9300119E1B /* AudioTranscriptionExampleViewController.h */ = {isa = PBXFileReference; lastKnownFileType = sourcecode.c.h; path = AudioTranscriptionExampleViewController.h; sourceTree = "<group>"; };
		03648D1C29B7DB1700119E1B /* AudioTranscriptionExampleViewController.m */ = {isa = PBXFileReference; lastKnownFileType = sourcecode.c.objc; path = AudioTranscriptionExampleViewController.m; sourceTree = "<group>"; };
		03648D2229B8EFFE00119E1B /* VoiceSynthesisExampleViewController.h */ = {isa = PBXFileReference; lastKnownFileType = sourcecode.c.h; path = VoiceSynthesisExampleViewController.h; sourceTree = "<group>"; };
		03648D2329B8F05400119E1B /* VoiceSynthesisExampleViewController.m */ = {isa = PBXFileReference; lastKnownFileType = sourcecode.c.objc; path = VoiceSynthesisExampleViewController.m; sourceTree = "<group>"; };
		03648D2529B8F80A00119E1B /* VisionEnrollmentExampleViewController.h */ = {isa = PBXFileReference; lastKnownFileType = sourcecode.c.h; path = VisionEnrollmentExampleViewController.h; sourceTree = "<group>"; };
		03648D2629B8F83D00119E1B /* VisionEnrollmentExampleViewController.m */ = {isa = PBXFileReference; lastKnownFileType = sourcecode.c.objc; path = VisionEnrollmentExampleViewController.m; sourceTree = "<group>"; };
		03648D2829B8FBFF00119E1B /* VisionAuthenticationExampleViewController.h */ = {isa = PBXFileReference; lastKnownFileType = sourcecode.c.h; path = VisionAuthenticationExampleViewController.h; sourceTree = "<group>"; };
		03648D2929B8FC4F00119E1B /* VisionAuthenticationExampleViewController.m */ = {isa = PBXFileReference; lastKnownFileType = sourcecode.c.objc; path = VisionAuthenticationExampleViewController.m; sourceTree = "<group>"; };
		03648D2C29B8FFFD00119E1B /* GetModelsExampleViewController.h */ = {isa = PBXFileReference; lastKnownFileType = sourcecode.c.h; path = GetModelsExampleViewController.h; sourceTree = "<group>"; };
		03648D2D29B9003400119E1B /* GetModelsExampleViewController.m */ = {isa = PBXFileReference; lastKnownFileType = sourcecode.c.objc; path = GetModelsExampleViewController.m; sourceTree = "<group>"; };
		03648D2F29B9038200119E1B /* GetEnrollmentsExampleViewController.h */ = {isa = PBXFileReference; lastKnownFileType = sourcecode.c.h; path = GetEnrollmentsExampleViewController.h; sourceTree = "<group>"; };
		03648D3029B903E100119E1B /* GetEnrollmentsExampleViewController.m */ = {isa = PBXFileReference; lastKnownFileType = sourcecode.c.objc; path = GetEnrollmentsExampleViewController.m; sourceTree = "<group>"; };
		0369131429A01B2000F99597 /* Tests-Prefix.pch */ = {isa = PBXFileReference; lastKnownFileType = sourcecode.c.h; path = "Tests-Prefix.pch"; sourceTree = "<group>"; };
		0369132729A0305100F99597 /* HealthServiceTests.m */ = {isa = PBXFileReference; fileEncoding = 4; lastKnownFileType = sourcecode.c.objc; name = HealthServiceTests.m; path = Services/HealthServiceTests.m; sourceTree = "<group>"; };
		039683E629A55B4F00E909B8 /* KeychainManagerTests.m */ = {isa = PBXFileReference; fileEncoding = 4; lastKnownFileType = sourcecode.c.objc; name = KeychainManagerTests.m; path = TokenManager/KeychainManagerTests.m; sourceTree = "<group>"; };
		039683EC29A55E7600E909B8 /* SensoryCloudExampleApp.app */ = {isa = PBXFileReference; explicitFileType = wrapper.application; includeInIndex = 0; path = SensoryCloudExampleApp.app; sourceTree = BUILT_PRODUCTS_DIR; };
		039683EE29A55E7700E909B8 /* AppDelegate.h */ = {isa = PBXFileReference; lastKnownFileType = sourcecode.c.h; path = AppDelegate.h; sourceTree = "<group>"; };
		039683EF29A55E7700E909B8 /* AppDelegate.m */ = {isa = PBXFileReference; lastKnownFileType = sourcecode.c.objc; path = AppDelegate.m; sourceTree = "<group>"; };
		039683F129A55E7700E909B8 /* SceneDelegate.h */ = {isa = PBXFileReference; lastKnownFileType = sourcecode.c.h; path = SceneDelegate.h; sourceTree = "<group>"; };
		039683F229A55E7700E909B8 /* SceneDelegate.m */ = {isa = PBXFileReference; lastKnownFileType = sourcecode.c.objc; path = SceneDelegate.m; sourceTree = "<group>"; };
		039683F829A55E7700E909B8 /* Base */ = {isa = PBXFileReference; lastKnownFileType = file.storyboard; name = Base; path = Base.lproj/Main.storyboard; sourceTree = "<group>"; };
		039683FA29A55E7800E909B8 /* Assets.xcassets */ = {isa = PBXFileReference; lastKnownFileType = folder.assetcatalog; path = Assets.xcassets; sourceTree = "<group>"; };
		039683FD29A55E7800E909B8 /* Base */ = {isa = PBXFileReference; lastKnownFileType = file.storyboard; name = Base; path = Base.lproj/LaunchScreen.storyboard; sourceTree = "<group>"; };
		039683FF29A55E7800E909B8 /* Info.plist */ = {isa = PBXFileReference; lastKnownFileType = text.plist.xml; path = Info.plist; sourceTree = "<group>"; };
		0396840029A55E7800E909B8 /* main.m */ = {isa = PBXFileReference; lastKnownFileType = sourcecode.c.objc; path = main.m; sourceTree = "<group>"; };
		0396840729A55EA200E909B8 /* objc-sdk-test-app.entitlements */ = {isa = PBXFileReference; lastKnownFileType = text.plist.entitlements; path = "objc-sdk-test-app.entitlements"; sourceTree = "<group>"; };
		0396841C29B104C900E909B8 /* LoginExampleViewController.h */ = {isa = PBXFileReference; lastKnownFileType = sourcecode.c.h; path = LoginExampleViewController.h; sourceTree = "<group>"; };
		0396841D29B1052C00E909B8 /* LoginExampleViewController.m */ = {isa = PBXFileReference; lastKnownFileType = sourcecode.c.objc; path = LoginExampleViewController.m; sourceTree = "<group>"; };
		0BC58BD170FC24615C356BAC /* Pods-objc-sdk_Tests.release.xcconfig */ = {isa = PBXFileReference; includeInIndex = 1; lastKnownFileType = text.xcconfig; name = "Pods-objc-sdk_Tests.release.xcconfig"; path = "Target Support Files/Pods-objc-sdk_Tests/Pods-objc-sdk_Tests.release.xcconfig"; sourceTree = "<group>"; };
		26281C4C8A3FB53EEBD83F14 /* Pods-SensoryCloudTests.release.xcconfig */ = {isa = PBXFileReference; includeInIndex = 1; lastKnownFileType = text.xcconfig; name = "Pods-SensoryCloudTests.release.xcconfig"; path = "Target Support Files/Pods-SensoryCloudTests/Pods-SensoryCloudTests.release.xcconfig"; sourceTree = "<group>"; };
		6003F58D195388D20070C39A /* Foundation.framework */ = {isa = PBXFileReference; lastKnownFileType = wrapper.framework; name = Foundation.framework; path = System/Library/Frameworks/Foundation.framework; sourceTree = SDKROOT; };
		6003F58F195388D20070C39A /* CoreGraphics.framework */ = {isa = PBXFileReference; lastKnownFileType = wrapper.framework; name = CoreGraphics.framework; path = System/Library/Frameworks/CoreGraphics.framework; sourceTree = SDKROOT; };
		6003F591195388D20070C39A /* UIKit.framework */ = {isa = PBXFileReference; lastKnownFileType = wrapper.framework; name = UIKit.framework; path = System/Library/Frameworks/UIKit.framework; sourceTree = SDKROOT; };
		6003F5AE195388D20070C39A /* SensoryCloudTests.xctest */ = {isa = PBXFileReference; explicitFileType = wrapper.cfbundle; includeInIndex = 0; path = SensoryCloudTests.xctest; sourceTree = BUILT_PRODUCTS_DIR; };
		6003F5AF195388D20070C39A /* XCTest.framework */ = {isa = PBXFileReference; lastKnownFileType = wrapper.framework; name = XCTest.framework; path = Library/Frameworks/XCTest.framework; sourceTree = DEVELOPER_DIR; };
		6003F5B7195388D20070C39A /* Tests-Info.plist */ = {isa = PBXFileReference; lastKnownFileType = text.plist.xml; path = "Tests-Info.plist"; sourceTree = "<group>"; };
		6003F5B9195388D20070C39A /* en */ = {isa = PBXFileReference; lastKnownFileType = text.plist.strings; name = en; path = en.lproj/InfoPlist.strings; sourceTree = "<group>"; };
		6681677895BFF05F536CC268 /* Pods_SensoryCloudExampleApp.framework */ = {isa = PBXFileReference; explicitFileType = wrapper.framework; includeInIndex = 0; path = Pods_SensoryCloudExampleApp.framework; sourceTree = BUILT_PRODUCTS_DIR; };
		8111F3F86C424078FE89AF3E /* Pods-SensoryCloudTests.debug.xcconfig */ = {isa = PBXFileReference; includeInIndex = 1; lastKnownFileType = text.xcconfig; name = "Pods-SensoryCloudTests.debug.xcconfig"; path = "Target Support Files/Pods-SensoryCloudTests/Pods-SensoryCloudTests.debug.xcconfig"; sourceTree = "<group>"; };
		874C39BE37EBF184CCFF4F28 /* README.md */ = {isa = PBXFileReference; includeInIndex = 1; lastKnownFileType = net.daringfireball.markdown; name = README.md; path = ../README.md; sourceTree = "<group>"; };
		8FF3918D8EB77C4903E3FCB6 /* Pods-SensoryCloudExampleApp.debug.xcconfig */ = {isa = PBXFileReference; includeInIndex = 1; lastKnownFileType = text.xcconfig; name = "Pods-SensoryCloudExampleApp.debug.xcconfig"; path = "Target Support Files/Pods-SensoryCloudExampleApp/Pods-SensoryCloudExampleApp.debug.xcconfig"; sourceTree = "<group>"; };
		AA0A2FBD76D6F92156C2EF3A /* Pods-SensoryCloudExampleApp.release.xcconfig */ = {isa = PBXFileReference; includeInIndex = 1; lastKnownFileType = text.xcconfig; name = "Pods-SensoryCloudExampleApp.release.xcconfig"; path = "Target Support Files/Pods-SensoryCloudExampleApp/Pods-SensoryCloudExampleApp.release.xcconfig"; sourceTree = "<group>"; };
		ABE2C6783D2B0272DDDB149F /* Pods-objc-sdk-test-app.release.xcconfig */ = {isa = PBXFileReference; includeInIndex = 1; lastKnownFileType = text.xcconfig; name = "Pods-objc-sdk-test-app.release.xcconfig"; path = "Target Support Files/Pods-objc-sdk-test-app/Pods-objc-sdk-test-app.release.xcconfig"; sourceTree = "<group>"; };
		AC38F0B68E7A6637E4182A94 /* Pods-objc-sdk-test-app.debug.xcconfig */ = {isa = PBXFileReference; includeInIndex = 1; lastKnownFileType = text.xcconfig; name = "Pods-objc-sdk-test-app.debug.xcconfig"; path = "Target Support Files/Pods-objc-sdk-test-app/Pods-objc-sdk-test-app.debug.xcconfig"; sourceTree = "<group>"; };
		E402CD8142C1AB1ED7727224 /* LICENSE */ = {isa = PBXFileReference; includeInIndex = 1; lastKnownFileType = text; name = LICENSE; path = ../LICENSE; sourceTree = "<group>"; };
		EC645BF27FC2CBC2F1F6A2A6 /* Pods_SensoryCloudTests.framework */ = {isa = PBXFileReference; explicitFileType = wrapper.framework; includeInIndex = 0; path = Pods_SensoryCloudTests.framework; sourceTree = BUILT_PRODUCTS_DIR; };
		F7C2313E3B396A58EB7100B1 /* Pods-objc-sdk_Tests.debug.xcconfig */ = {isa = PBXFileReference; includeInIndex = 1; lastKnownFileType = text.xcconfig; name = "Pods-objc-sdk_Tests.debug.xcconfig"; path = "Target Support Files/Pods-objc-sdk_Tests/Pods-objc-sdk_Tests.debug.xcconfig"; sourceTree = "<group>"; };
/* End PBXFileReference section */

/* Begin PBXFrameworksBuildPhase section */
		039683E929A55E7600E909B8 /* Frameworks */ = {
			isa = PBXFrameworksBuildPhase;
			buildActionMask = 2147483647;
			files = (
				AE0747D42BAD3E4429EDF1C7 /* Pods_SensoryCloudExampleApp.framework in Frameworks */,
			);
			runOnlyForDeploymentPostprocessing = 0;
		};
		6003F5AB195388D20070C39A /* Frameworks */ = {
			isa = PBXFrameworksBuildPhase;
			buildActionMask = 2147483647;
			files = (
				6003F5B0195388D20070C39A /* XCTest.framework in Frameworks */,
				6003F5B2195388D20070C39A /* UIKit.framework in Frameworks */,
				6003F5B1195388D20070C39A /* Foundation.framework in Frameworks */,
				948D39F4E02271D16D20F9BC /* Pods_SensoryCloudTests.framework in Frameworks */,
			);
			runOnlyForDeploymentPostprocessing = 0;
		};
/* End PBXFrameworksBuildPhase section */

/* Begin PBXGroup section */
		03648D0129B154D400119E1B /* Audio */ = {
			isa = PBXGroup;
			children = (
				03648D0229B154ED00119E1B /* ValidateTriggerExampleViewController.h */,
				03648D0329B1550A00119E1B /* ValidateTriggerExampleViewController.m */,
				03648D1529B7D04200119E1B /* AudioEnrollmentExampleViewController.h */,
				03648D1629B7D07800119E1B /* AudioEnrollmentExampleViewController.m */,
				03648D1829B7D7BA00119E1B /* AudioAuthenticationExampleViewController.h */,
				03648D1929B7D81000119E1B /* AudioAuthenticationExampleViewController.m */,
				03648D1B29B7DA9300119E1B /* AudioTranscriptionExampleViewController.h */,
				03648D1C29B7DB1700119E1B /* AudioTranscriptionExampleViewController.m */,
				03648D2229B8EFFE00119E1B /* VoiceSynthesisExampleViewController.h */,
				03648D2329B8F05400119E1B /* VoiceSynthesisExampleViewController.m */,
			);
			path = Audio;
			sourceTree = "<group>";
		};
		03648D1129B6A85100119E1B /* Video */ = {
			isa = PBXGroup;
			children = (
				03648D1229B6A88200119E1B /* ValidateLivenessExampleViewController.h */,
				03648D1329B6A89C00119E1B /* ValidateLivenessExampleViewController.m */,
				03648D2529B8F80A00119E1B /* VisionEnrollmentExampleViewController.h */,
				03648D2629B8F83D00119E1B /* VisionEnrollmentExampleViewController.m */,
				03648D2829B8FBFF00119E1B /* VisionAuthenticationExampleViewController.h */,
				03648D2929B8FC4F00119E1B /* VisionAuthenticationExampleViewController.m */,
			);
			path = Video;
			sourceTree = "<group>";
		};
		03648D2B29B8FFE000119E1B /* Management */ = {
			isa = PBXGroup;
			children = (
				03648D2C29B8FFFD00119E1B /* GetModelsExampleViewController.h */,
				03648D2D29B9003400119E1B /* GetModelsExampleViewController.m */,
				03648D2F29B9038200119E1B /* GetEnrollmentsExampleViewController.h */,
				03648D3029B903E100119E1B /* GetEnrollmentsExampleViewController.m */,
			);
			path = Management;
			sourceTree = "<group>";
		};
		0369132429A0303500F99597 /* Services */ = {
			isa = PBXGroup;
			children = (
				0369132729A0305100F99597 /* HealthServiceTests.m */,
			);
			name = Services;
			sourceTree = "<group>";
		};
		039683E529A55B3E00E909B8 /* TokenManager */ = {
			isa = PBXGroup;
			children = (
				039683E629A55B4F00E909B8 /* KeychainManagerTests.m */,
			);
			name = TokenManager;
			sourceTree = "<group>";
		};
		039683ED29A55E7700E909B8 /* SensoryCloudExampleApp */ = {
			isa = PBXGroup;
			children = (
				03648CFF29B134C300119E1B /* config.ini */,
				0396841A29B1039F00E909B8 /* Examples */,
				0396840729A55EA200E909B8 /* objc-sdk-test-app.entitlements */,
				039683EE29A55E7700E909B8 /* AppDelegate.h */,
				039683EF29A55E7700E909B8 /* AppDelegate.m */,
				039683F129A55E7700E909B8 /* SceneDelegate.h */,
				039683F229A55E7700E909B8 /* SceneDelegate.m */,
				039683F729A55E7700E909B8 /* Main.storyboard */,
				039683FA29A55E7800E909B8 /* Assets.xcassets */,
				039683FC29A55E7800E909B8 /* LaunchScreen.storyboard */,
				039683FF29A55E7800E909B8 /* Info.plist */,
				0396840029A55E7800E909B8 /* main.m */,
			);
			path = SensoryCloudExampleApp;
			sourceTree = "<group>";
		};
		0396841A29B1039F00E909B8 /* Examples */ = {
			isa = PBXGroup;
			children = (
				03648D2B29B8FFE000119E1B /* Management */,
				03648D1129B6A85100119E1B /* Video */,
				03648D0129B154D400119E1B /* Audio */,
				0396841C29B104C900E909B8 /* LoginExampleViewController.h */,
				0396841D29B1052C00E909B8 /* LoginExampleViewController.m */,
			);
			path = Examples;
			sourceTree = "<group>";
		};
		6003F581195388D10070C39A = {
			isa = PBXGroup;
			children = (
				60FF7A9C1954A5C5007DD14C /* Podspec Metadata */,
				6003F5B5195388D20070C39A /* Tests */,
				039683ED29A55E7700E909B8 /* SensoryCloudExampleApp */,
				6003F58C195388D20070C39A /* Frameworks */,
				6003F58B195388D20070C39A /* Products */,
				ED01668F5A61569638F408EE /* Pods */,
			);
			sourceTree = "<group>";
		};
		6003F58B195388D20070C39A /* Products */ = {
			isa = PBXGroup;
			children = (
				6003F5AE195388D20070C39A /* SensoryCloudTests.xctest */,
				039683EC29A55E7600E909B8 /* SensoryCloudExampleApp.app */,
			);
			name = Products;
			sourceTree = "<group>";
		};
		6003F58C195388D20070C39A /* Frameworks */ = {
			isa = PBXGroup;
			children = (
				6003F58D195388D20070C39A /* Foundation.framework */,
				6003F58F195388D20070C39A /* CoreGraphics.framework */,
				6003F591195388D20070C39A /* UIKit.framework */,
				6003F5AF195388D20070C39A /* XCTest.framework */,
				6681677895BFF05F536CC268 /* Pods_SensoryCloudExampleApp.framework */,
				EC645BF27FC2CBC2F1F6A2A6 /* Pods_SensoryCloudTests.framework */,
			);
			name = Frameworks;
			sourceTree = "<group>";
		};
		6003F5B5195388D20070C39A /* Tests */ = {
			isa = PBXGroup;
			children = (
				039683E529A55B3E00E909B8 /* TokenManager */,
				0369132429A0303500F99597 /* Services */,
				6003F5B6195388D20070C39A /* Supporting Files */,
			);
			path = Tests;
			sourceTree = "<group>";
		};
		6003F5B6195388D20070C39A /* Supporting Files */ = {
			isa = PBXGroup;
			children = (
				0369131429A01B2000F99597 /* Tests-Prefix.pch */,
				6003F5B7195388D20070C39A /* Tests-Info.plist */,
				6003F5B8195388D20070C39A /* InfoPlist.strings */,
			);
			name = "Supporting Files";
			sourceTree = "<group>";
		};
		60FF7A9C1954A5C5007DD14C /* Podspec Metadata */ = {
			isa = PBXGroup;
			children = (
				01403F7075EEE8CA2F879DA2 /* SensoryCloud.podspec */,
				874C39BE37EBF184CCFF4F28 /* README.md */,
				E402CD8142C1AB1ED7727224 /* LICENSE */,
			);
			name = "Podspec Metadata";
			sourceTree = "<group>";
		};
		ED01668F5A61569638F408EE /* Pods */ = {
			isa = PBXGroup;
			children = (
				AC38F0B68E7A6637E4182A94 /* Pods-objc-sdk-test-app.debug.xcconfig */,
				ABE2C6783D2B0272DDDB149F /* Pods-objc-sdk-test-app.release.xcconfig */,
				F7C2313E3B396A58EB7100B1 /* Pods-objc-sdk_Tests.debug.xcconfig */,
				0BC58BD170FC24615C356BAC /* Pods-objc-sdk_Tests.release.xcconfig */,
				8FF3918D8EB77C4903E3FCB6 /* Pods-SensoryCloudExampleApp.debug.xcconfig */,
				AA0A2FBD76D6F92156C2EF3A /* Pods-SensoryCloudExampleApp.release.xcconfig */,
				8111F3F86C424078FE89AF3E /* Pods-SensoryCloudTests.debug.xcconfig */,
				26281C4C8A3FB53EEBD83F14 /* Pods-SensoryCloudTests.release.xcconfig */,
			);
			path = Pods;
			sourceTree = "<group>";
		};
/* End PBXGroup section */

/* Begin PBXNativeTarget section */
		039683EB29A55E7600E909B8 /* SensoryCloudExampleApp */ = {
			isa = PBXNativeTarget;
			buildConfigurationList = 0396840229A55E7800E909B8 /* Build configuration list for PBXNativeTarget "SensoryCloudExampleApp" */;
			buildPhases = (
				6C456E535B722A8D8165CEF9 /* [CP] Check Pods Manifest.lock */,
				039683E829A55E7600E909B8 /* Sources */,
				039683E929A55E7600E909B8 /* Frameworks */,
				039683EA29A55E7600E909B8 /* Resources */,
				3FA3FE4BE7E4B1194513F931 /* [CP] Embed Pods Frameworks */,
			);
			buildRules = (
			);
			dependencies = (
			);
			name = SensoryCloudExampleApp;
			productName = "objc-sdk-test-app";
			productReference = 039683EC29A55E7600E909B8 /* SensoryCloudExampleApp.app */;
			productType = "com.apple.product-type.application";
		};
		6003F5AD195388D20070C39A /* SensoryCloudTests */ = {
			isa = PBXNativeTarget;
			buildConfigurationList = 6003F5C2195388D20070C39A /* Build configuration list for PBXNativeTarget "SensoryCloudTests" */;
			buildPhases = (
				568F1E7F1A32DE60F4DD4E99 /* [CP] Check Pods Manifest.lock */,
				6003F5AA195388D20070C39A /* Sources */,
				6003F5AB195388D20070C39A /* Frameworks */,
				6003F5AC195388D20070C39A /* Resources */,
				8703F87645F5CB205BEEE933 /* [CP] Embed Pods Frameworks */,
			);
			buildRules = (
			);
			dependencies = (
				0396840629A55E9100E909B8 /* PBXTargetDependency */,
			);
			name = SensoryCloudTests;
			productName = "objc-sdkTests";
			productReference = 6003F5AE195388D20070C39A /* SensoryCloudTests.xctest */;
			productType = "com.apple.product-type.bundle.unit-test";
		};
/* End PBXNativeTarget section */

/* Begin PBXProject section */
		6003F582195388D10070C39A /* Project object */ = {
			isa = PBXProject;
			attributes = {
				CLASSPREFIX = SENSORYCLOUD;
				LastUpgradeCheck = 1420;
				ORGANIZATIONNAME = "Niles Hacking";
				TargetAttributes = {
					039683EB29A55E7600E909B8 = {
						CreatedOnToolsVersion = 14.2;
						DevelopmentTeam = JG89NXSP49;
						ProvisioningStyle = Automatic;
					};
					6003F5AD195388D20070C39A = {
						DevelopmentTeam = JG89NXSP49;
						TestTargetID = 039683EB29A55E7600E909B8;
					};
				};
			};
			buildConfigurationList = 6003F585195388D10070C39A /* Build configuration list for PBXProject "objc-sdk" */;
			compatibilityVersion = "Xcode 3.2";
			developmentRegion = English;
			hasScannedForEncodings = 0;
			knownRegions = (
				English,
				en,
				Base,
			);
			mainGroup = 6003F581195388D10070C39A;
			productRefGroup = 6003F58B195388D20070C39A /* Products */;
			projectDirPath = "";
			projectRoot = "";
			targets = (
				6003F5AD195388D20070C39A /* SensoryCloudTests */,
				039683EB29A55E7600E909B8 /* SensoryCloudExampleApp */,
			);
		};
/* End PBXProject section */

/* Begin PBXResourcesBuildPhase section */
		039683EA29A55E7600E909B8 /* Resources */ = {
			isa = PBXResourcesBuildPhase;
			buildActionMask = 2147483647;
			files = (
				039683FE29A55E7800E909B8 /* LaunchScreen.storyboard in Resources */,
				039683FB29A55E7800E909B8 /* Assets.xcassets in Resources */,
				03648D0029B134C300119E1B /* config.ini in Resources */,
				039683F929A55E7700E909B8 /* Main.storyboard in Resources */,
			);
			runOnlyForDeploymentPostprocessing = 0;
		};
		6003F5AC195388D20070C39A /* Resources */ = {
			isa = PBXResourcesBuildPhase;
			buildActionMask = 2147483647;
			files = (
				6003F5BA195388D20070C39A /* InfoPlist.strings in Resources */,
			);
			runOnlyForDeploymentPostprocessing = 0;
		};
/* End PBXResourcesBuildPhase section */

/* Begin PBXShellScriptBuildPhase section */
		3FA3FE4BE7E4B1194513F931 /* [CP] Embed Pods Frameworks */ = {
			isa = PBXShellScriptBuildPhase;
			buildActionMask = 2147483647;
			files = (
			);
			inputPaths = (
				"${PODS_ROOT}/Target Support Files/Pods-SensoryCloudExampleApp/Pods-SensoryCloudExampleApp-frameworks.sh",
				"${BUILT_PRODUCTS_DIR}/BoringSSL-GRPC/openssl_grpc.framework",
				"${BUILT_PRODUCTS_DIR}/Protobuf/Protobuf.framework",
				"${BUILT_PRODUCTS_DIR}/SensoryCloud/SensoryCloud.framework",
				"${BUILT_PRODUCTS_DIR}/abseil/absl.framework",
				"${BUILT_PRODUCTS_DIR}/gRPC-Core/grpc.framework",
				"${BUILT_PRODUCTS_DIR}/gRPC-ProtoRPC/ProtoRPC.framework",
				"${BUILT_PRODUCTS_DIR}/gRPC-RxLibrary/RxLibrary.framework",
				"${BUILT_PRODUCTS_DIR}/gRPC/GRPCClient.framework",
			);
			name = "[CP] Embed Pods Frameworks";
			outputPaths = (
				"${TARGET_BUILD_DIR}/${FRAMEWORKS_FOLDER_PATH}/openssl_grpc.framework",
				"${TARGET_BUILD_DIR}/${FRAMEWORKS_FOLDER_PATH}/Protobuf.framework",
				"${TARGET_BUILD_DIR}/${FRAMEWORKS_FOLDER_PATH}/SensoryCloud.framework",
				"${TARGET_BUILD_DIR}/${FRAMEWORKS_FOLDER_PATH}/absl.framework",
				"${TARGET_BUILD_DIR}/${FRAMEWORKS_FOLDER_PATH}/grpc.framework",
				"${TARGET_BUILD_DIR}/${FRAMEWORKS_FOLDER_PATH}/ProtoRPC.framework",
				"${TARGET_BUILD_DIR}/${FRAMEWORKS_FOLDER_PATH}/RxLibrary.framework",
				"${TARGET_BUILD_DIR}/${FRAMEWORKS_FOLDER_PATH}/GRPCClient.framework",
			);
			runOnlyForDeploymentPostprocessing = 0;
			shellPath = /bin/sh;
			shellScript = "\"${PODS_ROOT}/Target Support Files/Pods-SensoryCloudExampleApp/Pods-SensoryCloudExampleApp-frameworks.sh\"\n";
			showEnvVarsInLog = 0;
		};
		568F1E7F1A32DE60F4DD4E99 /* [CP] Check Pods Manifest.lock */ = {
			isa = PBXShellScriptBuildPhase;
			buildActionMask = 2147483647;
			files = (
			);
			inputFileListPaths = (
			);
			inputPaths = (
				"${PODS_PODFILE_DIR_PATH}/Podfile.lock",
				"${PODS_ROOT}/Manifest.lock",
			);
			name = "[CP] Check Pods Manifest.lock";
			outputFileListPaths = (
			);
			outputPaths = (
				"$(DERIVED_FILE_DIR)/Pods-SensoryCloudTests-checkManifestLockResult.txt",
			);
			runOnlyForDeploymentPostprocessing = 0;
			shellPath = /bin/sh;
			shellScript = "diff \"${PODS_PODFILE_DIR_PATH}/Podfile.lock\" \"${PODS_ROOT}/Manifest.lock\" > /dev/null\nif [ $? != 0 ] ; then\n    # print error to STDERR\n    echo \"error: The sandbox is not in sync with the Podfile.lock. Run 'pod install' or update your CocoaPods installation.\" >&2\n    exit 1\nfi\n# This output is used by Xcode 'outputs' to avoid re-running this script phase.\necho \"SUCCESS\" > \"${SCRIPT_OUTPUT_FILE_0}\"\n";
			showEnvVarsInLog = 0;
		};
		6C456E535B722A8D8165CEF9 /* [CP] Check Pods Manifest.lock */ = {
			isa = PBXShellScriptBuildPhase;
			buildActionMask = 2147483647;
			files = (
			);
			inputFileListPaths = (
			);
			inputPaths = (
				"${PODS_PODFILE_DIR_PATH}/Podfile.lock",
				"${PODS_ROOT}/Manifest.lock",
			);
			name = "[CP] Check Pods Manifest.lock";
			outputFileListPaths = (
			);
			outputPaths = (
				"$(DERIVED_FILE_DIR)/Pods-SensoryCloudExampleApp-checkManifestLockResult.txt",
			);
			runOnlyForDeploymentPostprocessing = 0;
			shellPath = /bin/sh;
			shellScript = "diff \"${PODS_PODFILE_DIR_PATH}/Podfile.lock\" \"${PODS_ROOT}/Manifest.lock\" > /dev/null\nif [ $? != 0 ] ; then\n    # print error to STDERR\n    echo \"error: The sandbox is not in sync with the Podfile.lock. Run 'pod install' or update your CocoaPods installation.\" >&2\n    exit 1\nfi\n# This output is used by Xcode 'outputs' to avoid re-running this script phase.\necho \"SUCCESS\" > \"${SCRIPT_OUTPUT_FILE_0}\"\n";
			showEnvVarsInLog = 0;
		};
		8703F87645F5CB205BEEE933 /* [CP] Embed Pods Frameworks */ = {
			isa = PBXShellScriptBuildPhase;
			buildActionMask = 2147483647;
			files = (
			);
			inputPaths = (
				"${PODS_ROOT}/Target Support Files/Pods-SensoryCloudTests/Pods-SensoryCloudTests-frameworks.sh",
				"${BUILT_PRODUCTS_DIR}/BoringSSL-GRPC/openssl_grpc.framework",
				"${BUILT_PRODUCTS_DIR}/Protobuf/Protobuf.framework",
				"${BUILT_PRODUCTS_DIR}/SensoryCloud/SensoryCloud.framework",
				"${BUILT_PRODUCTS_DIR}/abseil/absl.framework",
				"${BUILT_PRODUCTS_DIR}/gRPC-Core/grpc.framework",
				"${BUILT_PRODUCTS_DIR}/gRPC-ProtoRPC/ProtoRPC.framework",
				"${BUILT_PRODUCTS_DIR}/gRPC-RxLibrary/RxLibrary.framework",
				"${BUILT_PRODUCTS_DIR}/gRPC/GRPCClient.framework",
			);
			name = "[CP] Embed Pods Frameworks";
			outputPaths = (
				"${TARGET_BUILD_DIR}/${FRAMEWORKS_FOLDER_PATH}/openssl_grpc.framework",
				"${TARGET_BUILD_DIR}/${FRAMEWORKS_FOLDER_PATH}/Protobuf.framework",
				"${TARGET_BUILD_DIR}/${FRAMEWORKS_FOLDER_PATH}/SensoryCloud.framework",
				"${TARGET_BUILD_DIR}/${FRAMEWORKS_FOLDER_PATH}/absl.framework",
				"${TARGET_BUILD_DIR}/${FRAMEWORKS_FOLDER_PATH}/grpc.framework",
				"${TARGET_BUILD_DIR}/${FRAMEWORKS_FOLDER_PATH}/ProtoRPC.framework",
				"${TARGET_BUILD_DIR}/${FRAMEWORKS_FOLDER_PATH}/RxLibrary.framework",
				"${TARGET_BUILD_DIR}/${FRAMEWORKS_FOLDER_PATH}/GRPCClient.framework",
			);
			runOnlyForDeploymentPostprocessing = 0;
			shellPath = /bin/sh;
			shellScript = "\"${PODS_ROOT}/Target Support Files/Pods-SensoryCloudTests/Pods-SensoryCloudTests-frameworks.sh\"\n";
			showEnvVarsInLog = 0;
		};
/* End PBXShellScriptBuildPhase section */

/* Begin PBXSourcesBuildPhase section */
		039683E829A55E7600E909B8 /* Sources */ = {
			isa = PBXSourcesBuildPhase;
			buildActionMask = 2147483647;
			files = (
				03648D1429B6A89C00119E1B /* ValidateLivenessExampleViewController.m in Sources */,
				039683F029A55E7700E909B8 /* AppDelegate.m in Sources */,
				03648D3129B903E100119E1B /* GetEnrollmentsExampleViewController.m in Sources */,
				03648D2E29B9003400119E1B /* GetModelsExampleViewController.m in Sources */,
				03648D1A29B7D81000119E1B /* AudioAuthenticationExampleViewController.m in Sources */,
				03648D2729B8F83D00119E1B /* VisionEnrollmentExampleViewController.m in Sources */,
				0396841E29B1052C00E909B8 /* LoginExampleViewController.m in Sources */,
				03648D2A29B8FC4F00119E1B /* VisionAuthenticationExampleViewController.m in Sources */,
				03648D1D29B7DB1700119E1B /* AudioTranscriptionExampleViewController.m in Sources */,
				03648D2429B8F05400119E1B /* VoiceSynthesisExampleViewController.m in Sources */,
				03648D1729B7D07800119E1B /* AudioEnrollmentExampleViewController.m in Sources */,
				03648D0429B1550A00119E1B /* ValidateTriggerExampleViewController.m in Sources */,
				0396840129A55E7800E909B8 /* main.m in Sources */,
				039683F329A55E7700E909B8 /* SceneDelegate.m in Sources */,
			);
			runOnlyForDeploymentPostprocessing = 0;
		};
		6003F5AA195388D20070C39A /* Sources */ = {
			isa = PBXSourcesBuildPhase;
			buildActionMask = 2147483647;
			files = (
				0369132829A0305100F99597 /* HealthServiceTests.m in Sources */,
				039683E729A55B4F00E909B8 /* KeychainManagerTests.m in Sources */,
			);
			runOnlyForDeploymentPostprocessing = 0;
		};
/* End PBXSourcesBuildPhase section */

/* Begin PBXTargetDependency section */
		0396840629A55E9100E909B8 /* PBXTargetDependency */ = {
			isa = PBXTargetDependency;
			target = 039683EB29A55E7600E909B8 /* SensoryCloudExampleApp */;
			targetProxy = 0396840529A55E9100E909B8 /* PBXContainerItemProxy */;
		};
/* End PBXTargetDependency section */

/* Begin PBXVariantGroup section */
		039683F729A55E7700E909B8 /* Main.storyboard */ = {
			isa = PBXVariantGroup;
			children = (
				039683F829A55E7700E909B8 /* Base */,
			);
			name = Main.storyboard;
			sourceTree = "<group>";
		};
		039683FC29A55E7800E909B8 /* LaunchScreen.storyboard */ = {
			isa = PBXVariantGroup;
			children = (
				039683FD29A55E7800E909B8 /* Base */,
			);
			name = LaunchScreen.storyboard;
			sourceTree = "<group>";
		};
		6003F5B8195388D20070C39A /* InfoPlist.strings */ = {
			isa = PBXVariantGroup;
			children = (
				6003F5B9195388D20070C39A /* en */,
			);
			name = InfoPlist.strings;
			sourceTree = "<group>";
		};
/* End PBXVariantGroup section */

/* Begin XCBuildConfiguration section */
		0396840329A55E7800E909B8 /* Debug */ = {
			isa = XCBuildConfiguration;
			baseConfigurationReference = 8FF3918D8EB77C4903E3FCB6 /* Pods-SensoryCloudExampleApp.debug.xcconfig */;
			buildSettings = {
				ASSETCATALOG_COMPILER_APPICON_NAME = AppIcon;
				ASSETCATALOG_COMPILER_GLOBAL_ACCENT_COLOR_NAME = AccentColor;
				CLANG_ANALYZER_NONNULL = YES;
				CLANG_ANALYZER_NUMBER_OBJECT_CONVERSION = YES_AGGRESSIVE;
				CLANG_CXX_LANGUAGE_STANDARD = "gnu++20";
				CLANG_ENABLE_OBJC_WEAK = YES;
				CLANG_WARN_BLOCK_CAPTURE_AUTORELEASING = YES;
				CLANG_WARN_COMMA = YES;
				CLANG_WARN_DEPRECATED_OBJC_IMPLEMENTATIONS = YES;
				CLANG_WARN_DOCUMENTATION_COMMENTS = YES;
				CLANG_WARN_INFINITE_RECURSION = YES;
				CLANG_WARN_NON_LITERAL_NULL_CONVERSION = YES;
				CLANG_WARN_OBJC_IMPLICIT_RETAIN_SELF = YES;
				CLANG_WARN_OBJC_LITERAL_CONVERSION = YES;
				CLANG_WARN_QUOTED_INCLUDE_IN_FRAMEWORK_HEADER = "$(inherited)";
				CLANG_WARN_RANGE_LOOP_ANALYSIS = YES;
				CLANG_WARN_STRICT_PROTOTYPES = YES;
				CLANG_WARN_SUSPICIOUS_MOVE = YES;
				CLANG_WARN_UNGUARDED_AVAILABILITY = YES_AGGRESSIVE;
				CLANG_WARN_UNREACHABLE_CODE = YES;
				CODE_SIGN_ENTITLEMENTS = SensoryCloudExampleApp/SensoryCloudExampleApp.entitlements;
				CODE_SIGN_IDENTITY = "Apple Development";
				CODE_SIGN_STYLE = Automatic;
				CURRENT_PROJECT_VERSION = 1;
				DEBUG_INFORMATION_FORMAT = dwarf;
				DEVELOPMENT_TEAM = JG89NXSP49;
				ENABLE_STRICT_OBJC_MSGSEND = YES;
				GCC_C_LANGUAGE_STANDARD = gnu11;
				GCC_NO_COMMON_BLOCKS = YES;
				GENERATE_INFOPLIST_FILE = YES;
				INFOPLIST_FILE = SensoryCloudExampleApp/Info.plist;
				INFOPLIST_KEY_NSCameraUsageDescription = "This app requires the camera for some examples";
				INFOPLIST_KEY_NSMicrophoneUsageDescription = "This app requires the microphone for some examples";
				INFOPLIST_KEY_UIApplicationSupportsIndirectInputEvents = YES;
				INFOPLIST_KEY_UILaunchStoryboardName = LaunchScreen;
				INFOPLIST_KEY_UIMainStoryboardFile = Main;
				INFOPLIST_KEY_UISupportedInterfaceOrientations = UIInterfaceOrientationPortrait;
				INFOPLIST_KEY_UISupportedInterfaceOrientations_iPad = "UIInterfaceOrientationLandscapeLeft UIInterfaceOrientationLandscapeRight UIInterfaceOrientationPortrait UIInterfaceOrientationPortraitUpsideDown";
				IPHONEOS_DEPLOYMENT_TARGET = 13.0;
				LD_RUNPATH_SEARCH_PATHS = "$(inherited) @executable_path/Frameworks";
				MARKETING_VERSION = 1.0;
				MTL_ENABLE_DEBUG_INFO = INCLUDE_SOURCE;
				MTL_FAST_MATH = YES;
				PRODUCT_BUNDLE_IDENTIFIER = sensorycloud.ai.SensoryCloudExampleApp;
				PRODUCT_NAME = "$(TARGET_NAME)";
				PROVISIONING_PROFILE_SPECIFIER = "";
				SUPPORTED_PLATFORMS = "iphoneos iphonesimulator";
				SUPPORTS_MACCATALYST = NO;
				SUPPORTS_MAC_DESIGNED_FOR_IPHONE_IPAD = NO;
				SWIFT_EMIT_LOC_STRINGS = YES;
				TARGETED_DEVICE_FAMILY = 1;
			};
			name = Debug;
		};
		0396840429A55E7800E909B8 /* Release */ = {
			isa = XCBuildConfiguration;
			baseConfigurationReference = AA0A2FBD76D6F92156C2EF3A /* Pods-SensoryCloudExampleApp.release.xcconfig */;
			buildSettings = {
				ASSETCATALOG_COMPILER_APPICON_NAME = AppIcon;
				ASSETCATALOG_COMPILER_GLOBAL_ACCENT_COLOR_NAME = AccentColor;
				CLANG_ANALYZER_NONNULL = YES;
				CLANG_ANALYZER_NUMBER_OBJECT_CONVERSION = YES_AGGRESSIVE;
				CLANG_CXX_LANGUAGE_STANDARD = "gnu++20";
				CLANG_ENABLE_OBJC_WEAK = YES;
				CLANG_WARN_BLOCK_CAPTURE_AUTORELEASING = YES;
				CLANG_WARN_COMMA = YES;
				CLANG_WARN_DEPRECATED_OBJC_IMPLEMENTATIONS = YES;
				CLANG_WARN_DOCUMENTATION_COMMENTS = YES;
				CLANG_WARN_INFINITE_RECURSION = YES;
				CLANG_WARN_NON_LITERAL_NULL_CONVERSION = YES;
				CLANG_WARN_OBJC_IMPLICIT_RETAIN_SELF = YES;
				CLANG_WARN_OBJC_LITERAL_CONVERSION = YES;
				CLANG_WARN_QUOTED_INCLUDE_IN_FRAMEWORK_HEADER = "$(inherited)";
				CLANG_WARN_RANGE_LOOP_ANALYSIS = YES;
				CLANG_WARN_STRICT_PROTOTYPES = YES;
				CLANG_WARN_SUSPICIOUS_MOVE = YES;
				CLANG_WARN_UNGUARDED_AVAILABILITY = YES_AGGRESSIVE;
				CLANG_WARN_UNREACHABLE_CODE = YES;
				CODE_SIGN_ENTITLEMENTS = SensoryCloudExampleApp/SensoryCloudExampleApp.entitlements;
				CODE_SIGN_IDENTITY = "Apple Development";
				CODE_SIGN_STYLE = Automatic;
				COPY_PHASE_STRIP = NO;
				CURRENT_PROJECT_VERSION = 1;
				DEBUG_INFORMATION_FORMAT = "dwarf-with-dsym";
				DEVELOPMENT_TEAM = JG89NXSP49;
				ENABLE_STRICT_OBJC_MSGSEND = YES;
				GCC_C_LANGUAGE_STANDARD = gnu11;
				GCC_NO_COMMON_BLOCKS = YES;
				GENERATE_INFOPLIST_FILE = YES;
				INFOPLIST_FILE = SensoryCloudExampleApp/Info.plist;
				INFOPLIST_KEY_NSCameraUsageDescription = "This app requires the camera for some examples";
				INFOPLIST_KEY_NSMicrophoneUsageDescription = "This app requires the microphone for some examples";
				INFOPLIST_KEY_UIApplicationSupportsIndirectInputEvents = YES;
				INFOPLIST_KEY_UILaunchStoryboardName = LaunchScreen;
				INFOPLIST_KEY_UIMainStoryboardFile = Main;
				INFOPLIST_KEY_UISupportedInterfaceOrientations = UIInterfaceOrientationPortrait;
				INFOPLIST_KEY_UISupportedInterfaceOrientations_iPad = "UIInterfaceOrientationLandscapeLeft UIInterfaceOrientationLandscapeRight UIInterfaceOrientationPortrait UIInterfaceOrientationPortraitUpsideDown";
				IPHONEOS_DEPLOYMENT_TARGET = 13.0;
				LD_RUNPATH_SEARCH_PATHS = "$(inherited) @executable_path/Frameworks";
				MARKETING_VERSION = 1.0;
				MTL_ENABLE_DEBUG_INFO = NO;
				MTL_FAST_MATH = YES;
				PRODUCT_BUNDLE_IDENTIFIER = sensorycloud.ai.SensoryCloudExampleApp;
				PRODUCT_NAME = "$(TARGET_NAME)";
				PROVISIONING_PROFILE_SPECIFIER = "";
				SUPPORTED_PLATFORMS = "iphoneos iphonesimulator";
				SUPPORTS_MACCATALYST = NO;
				SUPPORTS_MAC_DESIGNED_FOR_IPHONE_IPAD = NO;
				SWIFT_EMIT_LOC_STRINGS = YES;
				TARGETED_DEVICE_FAMILY = 1;
			};
			name = Release;
		};
		6003F5BD195388D20070C39A /* Debug */ = {
			isa = XCBuildConfiguration;
			buildSettings = {
				ALWAYS_SEARCH_USER_PATHS = NO;
				CLANG_ANALYZER_LOCALIZABILITY_NONLOCALIZED = YES;
				CLANG_CXX_LANGUAGE_STANDARD = "gnu++0x";
				CLANG_CXX_LIBRARY = "libc++";
				CLANG_ENABLE_MODULES = YES;
				CLANG_ENABLE_OBJC_ARC = YES;
				CLANG_WARN_BLOCK_CAPTURE_AUTORELEASING = YES;
				CLANG_WARN_BOOL_CONVERSION = YES;
				CLANG_WARN_COMMA = YES;
				CLANG_WARN_CONSTANT_CONVERSION = YES;
				CLANG_WARN_DEPRECATED_OBJC_IMPLEMENTATIONS = YES;
				CLANG_WARN_DIRECT_OBJC_ISA_USAGE = YES_ERROR;
				CLANG_WARN_EMPTY_BODY = YES;
				CLANG_WARN_ENUM_CONVERSION = YES;
				CLANG_WARN_INFINITE_RECURSION = YES;
				CLANG_WARN_INT_CONVERSION = YES;
				CLANG_WARN_NON_LITERAL_NULL_CONVERSION = YES;
				CLANG_WARN_OBJC_IMPLICIT_RETAIN_SELF = YES;
				CLANG_WARN_OBJC_LITERAL_CONVERSION = YES;
				CLANG_WARN_OBJC_ROOT_CLASS = YES_ERROR;
				CLANG_WARN_QUOTED_INCLUDE_IN_FRAMEWORK_HEADER = YES;
				CLANG_WARN_RANGE_LOOP_ANALYSIS = YES;
				CLANG_WARN_STRICT_PROTOTYPES = YES;
				CLANG_WARN_SUSPICIOUS_MOVE = YES;
				CLANG_WARN_UNREACHABLE_CODE = YES;
				CLANG_WARN__DUPLICATE_METHOD_MATCH = YES;
				"CODE_SIGN_IDENTITY[sdk=iphoneos*]" = "iPhone Developer";
				COPY_PHASE_STRIP = NO;
				ENABLE_STRICT_OBJC_MSGSEND = YES;
				ENABLE_TESTABILITY = YES;
				GCC_C_LANGUAGE_STANDARD = gnu99;
				GCC_DYNAMIC_NO_PIC = NO;
				GCC_NO_COMMON_BLOCKS = YES;
				GCC_OPTIMIZATION_LEVEL = 0;
				GCC_PREPROCESSOR_DEFINITIONS = (
					"DEBUG=1",
					"$(inherited)",
				);
				GCC_SYMBOLS_PRIVATE_EXTERN = NO;
				GCC_WARN_64_TO_32_BIT_CONVERSION = YES;
				GCC_WARN_ABOUT_RETURN_TYPE = YES_ERROR;
				GCC_WARN_UNDECLARED_SELECTOR = YES;
				GCC_WARN_UNINITIALIZED_AUTOS = YES_AGGRESSIVE;
				GCC_WARN_UNUSED_FUNCTION = YES;
				GCC_WARN_UNUSED_VARIABLE = YES;
				IPHONEOS_DEPLOYMENT_TARGET = 13.0;
				ONLY_ACTIVE_ARCH = YES;
				SDKROOT = iphoneos;
				TARGETED_DEVICE_FAMILY = "1,2";
			};
			name = Debug;
		};
		6003F5BE195388D20070C39A /* Release */ = {
			isa = XCBuildConfiguration;
			buildSettings = {
				ALWAYS_SEARCH_USER_PATHS = NO;
				CLANG_ANALYZER_LOCALIZABILITY_NONLOCALIZED = YES;
				CLANG_CXX_LANGUAGE_STANDARD = "gnu++0x";
				CLANG_CXX_LIBRARY = "libc++";
				CLANG_ENABLE_MODULES = YES;
				CLANG_ENABLE_OBJC_ARC = YES;
				CLANG_WARN_BLOCK_CAPTURE_AUTORELEASING = YES;
				CLANG_WARN_BOOL_CONVERSION = YES;
				CLANG_WARN_COMMA = YES;
				CLANG_WARN_CONSTANT_CONVERSION = YES;
				CLANG_WARN_DEPRECATED_OBJC_IMPLEMENTATIONS = YES;
				CLANG_WARN_DIRECT_OBJC_ISA_USAGE = YES_ERROR;
				CLANG_WARN_EMPTY_BODY = YES;
				CLANG_WARN_ENUM_CONVERSION = YES;
				CLANG_WARN_INFINITE_RECURSION = YES;
				CLANG_WARN_INT_CONVERSION = YES;
				CLANG_WARN_NON_LITERAL_NULL_CONVERSION = YES;
				CLANG_WARN_OBJC_IMPLICIT_RETAIN_SELF = YES;
				CLANG_WARN_OBJC_LITERAL_CONVERSION = YES;
				CLANG_WARN_OBJC_ROOT_CLASS = YES_ERROR;
				CLANG_WARN_QUOTED_INCLUDE_IN_FRAMEWORK_HEADER = YES;
				CLANG_WARN_RANGE_LOOP_ANALYSIS = YES;
				CLANG_WARN_STRICT_PROTOTYPES = YES;
				CLANG_WARN_SUSPICIOUS_MOVE = YES;
				CLANG_WARN_UNREACHABLE_CODE = YES;
				CLANG_WARN__DUPLICATE_METHOD_MATCH = YES;
				"CODE_SIGN_IDENTITY[sdk=iphoneos*]" = "iPhone Developer";
				COPY_PHASE_STRIP = YES;
				ENABLE_NS_ASSERTIONS = NO;
				ENABLE_STRICT_OBJC_MSGSEND = YES;
				GCC_C_LANGUAGE_STANDARD = gnu99;
				GCC_NO_COMMON_BLOCKS = YES;
				GCC_WARN_64_TO_32_BIT_CONVERSION = YES;
				GCC_WARN_ABOUT_RETURN_TYPE = YES_ERROR;
				GCC_WARN_UNDECLARED_SELECTOR = YES;
				GCC_WARN_UNINITIALIZED_AUTOS = YES_AGGRESSIVE;
				GCC_WARN_UNUSED_FUNCTION = YES;
				GCC_WARN_UNUSED_VARIABLE = YES;
				IPHONEOS_DEPLOYMENT_TARGET = 13.0;
				SDKROOT = iphoneos;
				TARGETED_DEVICE_FAMILY = "1,2";
				VALIDATE_PRODUCT = YES;
			};
			name = Release;
		};
		6003F5C3195388D20070C39A /* Debug */ = {
			isa = XCBuildConfiguration;
			baseConfigurationReference = 8111F3F86C424078FE89AF3E /* Pods-SensoryCloudTests.debug.xcconfig */;
			buildSettings = {
				DEVELOPMENT_TEAM = JG89NXSP49;
				FRAMEWORK_SEARCH_PATHS = (
					"$(PLATFORM_DIR)/Developer/Library/Frameworks",
					"$(inherited)",
					"$(DEVELOPER_FRAMEWORKS_DIR)",
				);
				GCC_PRECOMPILE_PREFIX_HEADER = YES;
				GCC_PREFIX_HEADER = "Tests/Tests-Prefix.pch";
				GCC_PREPROCESSOR_DEFINITIONS = (
					"DEBUG=1",
					"$(inherited)",
				);
				INFOPLIST_FILE = "Tests/Tests-Info.plist";
				IPHONEOS_DEPLOYMENT_TARGET = 13.0;
				PRODUCT_BUNDLE_IDENTIFIER = "org.cocoapods.demo.${PRODUCT_NAME:rfc1034identifier}";
				PRODUCT_NAME = "$(TARGET_NAME)";
				SWIFT_VERSION = 4.0;
				TEST_HOST = "$(BUILT_PRODUCTS_DIR)/SensoryCloudExampleApp.app/$(BUNDLE_EXECUTABLE_FOLDER_PATH)/SensoryCloudExampleApp";
				WRAPPER_EXTENSION = xctest;
			};
			name = Debug;
		};
		6003F5C4195388D20070C39A /* Release */ = {
			isa = XCBuildConfiguration;
			baseConfigurationReference = 26281C4C8A3FB53EEBD83F14 /* Pods-SensoryCloudTests.release.xcconfig */;
			buildSettings = {
				DEVELOPMENT_TEAM = JG89NXSP49;
				FRAMEWORK_SEARCH_PATHS = (
					"$(PLATFORM_DIR)/Developer/Library/Frameworks",
					"$(inherited)",
					"$(DEVELOPER_FRAMEWORKS_DIR)",
				);
				GCC_PRECOMPILE_PREFIX_HEADER = YES;
				GCC_PREFIX_HEADER = "Tests/Tests-Prefix.pch";
				INFOPLIST_FILE = "Tests/Tests-Info.plist";
				IPHONEOS_DEPLOYMENT_TARGET = 13.0;
				PRODUCT_BUNDLE_IDENTIFIER = "org.cocoapods.demo.${PRODUCT_NAME:rfc1034identifier}";
				PRODUCT_NAME = "$(TARGET_NAME)";
				SWIFT_VERSION = 4.0;
				TEST_HOST = "$(BUILT_PRODUCTS_DIR)/SensoryCloudExampleApp.app/$(BUNDLE_EXECUTABLE_FOLDER_PATH)/SensoryCloudExampleApp";
				WRAPPER_EXTENSION = xctest;
			};
			name = Release;
		};
/* End XCBuildConfiguration section */

/* Begin XCConfigurationList section */
		0396840229A55E7800E909B8 /* Build configuration list for PBXNativeTarget "SensoryCloudExampleApp" */ = {
			isa = XCConfigurationList;
			buildConfigurations = (
				0396840329A55E7800E909B8 /* Debug */,
				0396840429A55E7800E909B8 /* Release */,
			);
			defaultConfigurationIsVisible = 0;
			defaultConfigurationName = Release;
		};
		6003F585195388D10070C39A /* Build configuration list for PBXProject "objc-sdk" */ = {
			isa = XCConfigurationList;
			buildConfigurations = (
				6003F5BD195388D20070C39A /* Debug */,
				6003F5BE195388D20070C39A /* Release */,
			);
			defaultConfigurationIsVisible = 0;
			defaultConfigurationName = Release;
		};
		6003F5C2195388D20070C39A /* Build configuration list for PBXNativeTarget "SensoryCloudTests" */ = {
			isa = XCConfigurationList;
			buildConfigurations = (
				6003F5C3195388D20070C39A /* Debug */,
				6003F5C4195388D20070C39A /* Release */,
			);
			defaultConfigurationIsVisible = 0;
			defaultConfigurationName = Release;
		};
/* End XCConfigurationList section */
	};
	rootObject = 6003F582195388D10070C39A /* Project object */;
}
